
Microsoft Visual Studio Solution File, Format Version 12.00
# Visual Studio Version 17
VisualStudioVersion = 17.5.33530.505
MinimumVisualStudioVersion = 10.0.40219.1
Project("{FAE04EC0-301F-11D3-BF4B-00C04F79EFBC}") = "SOLIDDb(15-12-23)", "SOLIDDb(15-12-23)\SOLIDDb(15-12-23).csproj", "{613BF5D4-D92B-4F1F-A860-1210A07FF487}"
EndProject
Global
	GlobalSection(SolutionConfigurationPlatforms) = preSolution
		Debug|Any CPU = Debug|Any CPU
		Release|Any CPU = Release|Any CPU
	EndGlobalSection
	GlobalSection(ProjectConfigurationPlatforms) = postSolution
		{613BF5D4-D92B-4F1F-A860-1210A07FF487}.Debug|Any CPU.ActiveCfg = Debug|Any CPU
		{613BF5D4-D92B-4F1F-A860-1210A07FF487}.Debug|Any CPU.Build.0 = Debug|Any CPU
		{613BF5D4-D92B-4F1F-A860-1210A07FF487}.Release|Any CPU.ActiveCfg = Release|Any CPU
		{613BF5D4-D92B-4F1F-A860-1210A07FF487}.Release|Any CPU.Build.0 = Release|Any CPU
	EndGlobalSection
	GlobalSection(SolutionProperties) = preSolution
		HideSolutionNode = FALSE
	EndGlobalSection
	GlobalSection(ExtensibilityGlobals) = postSolution
		SolutionGuid = {1B90336E-964F-4CA6-85C4-57DC297639D4}
	EndGlobalSection
EndGlobal
